
Microsoft Visual Studio Solution File, Format Version 12.00
# Visual Studio Version 17
VisualStudioVersion = 17.1.32228.430
MinimumVisualStudioVersion = 10.0.40219.1
Project("{9A19103F-16F7-4668-BE54-9A1E7A4F7556}") = "Carbunql", "Carbunql\Carbunql.csproj", "{DBAF5ECB-F3FB-48D9-B10F-CEB16FDF49DD}"
EndProject
Project("{9A19103F-16F7-4668-BE54-9A1E7A4F7556}") = "Carbunql.Analysis.Test", "..\test\Carbunql.Analysis.Test\Carbunql.Analysis.Test.csproj", "{B19BE1E1-4517-4B42-869E-991EE4D25603}"
EndProject
Project("{9A19103F-16F7-4668-BE54-9A1E7A4F7556}") = "Carbunql.Benchmark", "..\test\Carbunql.Benchmark\Carbunql.Benchmark.csproj", "{729B9348-C87C-40AD-82B6-BE9BB7DA4AC1}"
EndProject
Project("{9A19103F-16F7-4668-BE54-9A1E7A4F7556}") = "CarbunqlWeb", "..\demo\CarbunqlWeb\CarbunqlWeb.csproj", "{8AD9DC40-BAB2-4469-A90F-AD41A2BB65A3}"
EndProject
Project("{9A19103F-16F7-4668-BE54-9A1E7A4F7556}") = "Carbunql.Building.Test", "..\test\Carbunql.Building.Test\Carbunql.Building.Test.csproj", "{1BE5C98E-D8BC-493B-8F3D-F4A762C9B348}"
EndProject
Project("{9A19103F-16F7-4668-BE54-9A1E7A4F7556}") = "Carbunql.Dapper", "Carbunql.Dapper\Carbunql.Dapper.csproj", "{FE6938B8-3DB2-4622-8DAF-2EC20F26B62F}"
EndProject
Project("{9A19103F-16F7-4668-BE54-9A1E7A4F7556}") = "Carbunql.DynamicQuery.Test", "..\test\Carbunql.DynamicQuery.Test\Carbunql.DynamicQuery.Test.csproj", "{E0F59B0B-1486-4829-BD60-C5B0B6BC6DB3}"
EndProject
Project("{9A19103F-16F7-4668-BE54-9A1E7A4F7556}") = "Carbunql.Postgres", "Carbunql.Postgres\Carbunql.Postgres.csproj", "{F0DC1058-312C-456C-8625-FD25C31F528B}"
EndProject
Project("{9A19103F-16F7-4668-BE54-9A1E7A4F7556}") = "Carbunql.Postgres.Test", "..\test\Carbunql.Postgres.Test\Carbunql.Postgres.Test.csproj", "{8F3D86A8-F2DE-4313-88D0-D65AD70DD81E}"
EndProject
Project("{9A19103F-16F7-4668-BE54-9A1E7A4F7556}") = "Carbunql.Dapper.Test", "..\test\Carbunql.Dapper.Test\Carbunql.Dapper.Test.csproj", "{162A58B6-E94C-4DCF-B811-81FAA9973D2E}"
EndProject
Project("{9A19103F-16F7-4668-BE54-9A1E7A4F7556}") = "Demo.Migration", "..\demo\Migration\Demo.Migration.csproj", "{9835CB05-95AE-4DC4-AE09-FA09AFC11811}"
EndProject
Project("{9A19103F-16F7-4668-BE54-9A1E7A4F7556}") = "Demo.Parse", "..\demo\Parse\Demo.Parse.csproj", "{42FA31DD-B42A-4F88-BEDE-6BE9BF31BE2D}"
EndProject
Project("{9A19103F-16F7-4668-BE54-9A1E7A4F7556}") = "Carbunql.Annotation.Test", "..\test\Carbunql.Annotation.Test\Carbunql.Annotation.Test.csproj", "{E76AE876-D280-401B-BE02-7500B608E320}"
EndProject
Project("{9A19103F-16F7-4668-BE54-9A1E7A4F7556}") = "Carbunql.TypeSafe", "Carbunql.TypeSafe\Carbunql.TypeSafe.csproj", "{8002213B-66D6-407E-BCD4-3E4092C24652}"
EndProject
Project("{9A19103F-16F7-4668-BE54-9A1E7A4F7556}") = "Carbunql.TypeSafe.Test", "..\test\Carbunql.TypeSafe.Test\Carbunql.TypeSafe.Test.csproj", "{EA3034E3-564E-46B4-9FA8-B0A10D9DCBCE}"
EndProject
Project("{9A19103F-16F7-4668-BE54-9A1E7A4F7556}") = "Demo.TypeSafeBuild", "..\demo\TypeSafeBuild\Demo.TypeSafeBuild.csproj", "{B1016F33-6565-4A6E-844E-EF966E54F862}"
EndProject
Project("{9A19103F-16F7-4668-BE54-9A1E7A4F7556}") = "Demo.Filtering", "..\demo\Filtering\Demo.Filtering.csproj", "{3EBB0CEC-FE66-4D04-A4DF-20B25A31178B}"
EndProject
Project("{9A19103F-16F7-4668-BE54-9A1E7A4F7556}") = "Demo.QuerySource", "..\demo\QuerySource\Demo.QuerySource.csproj", "{3BF09DA6-FF1F-43BC-B4D5-5FA5360E351F}"
EndProject
Project("{9A19103F-16F7-4668-BE54-9A1E7A4F7556}") = "Demo.DynamicFiltering", "..\demo\DynamicFiltering\Demo.DynamicFiltering.csproj", "{5DB4DA33-AEDD-4F1C-872E-C69AA5D8B2A5}"
EndProject
Project("{9A19103F-16F7-4668-BE54-9A1E7A4F7556}") = "Demo.DynamicCTE", "..\demo\DynamicCTE\Demo.DynamicCTE.csproj", "{3D1CA664-815F-4695-9331-5F5596F6AC9B}"
EndProject
Project("{9A19103F-16F7-4668-BE54-9A1E7A4F7556}") = "Demo.DynamicColumn", "..\demo\DynamicColumn\Demo.DynamicColumn.csproj", "{259C9133-529D-4E5F-9DA1-93D2FEC534A4}"
EndProject
Project("{9A19103F-16F7-4668-BE54-9A1E7A4F7556}") = "Demo.DatasourceCompare", "..\demo\DatasourceCompare\Demo.DatasourceCompare.csproj", "{474E5EDD-E41E-4394-B2E5-F1DF745F75E7}"
EndProject
Project("{9A19103F-16F7-4668-BE54-9A1E7A4F7556}") = "Carbunql.Fluent.Test", "..\test\Carbunql.Fluent.Test\Carbunql.Fluent.Test.csproj", "{596E923B-6E21-4A17-9E83-50B5DE44EBD6}"
EndProject
Project("{FAE04EC0-301F-11D3-BF4B-00C04F79EFBC}") = "Carbunql.Formatting.Test.LeadingCommaFormatting", "..\test\Carbunql.Formatting.Test\Carbunql.Formatting.Test.LeadingCommaFormatting.csproj", "{AD43B45C-0FA1-46D5-862C-7EF1DDB1E5EF}"
EndProject
Global
	GlobalSection(SolutionConfigurationPlatforms) = preSolution
		Debug|Any CPU = Debug|Any CPU
		Release|Any CPU = Release|Any CPU
	EndGlobalSection
	GlobalSection(ProjectConfigurationPlatforms) = postSolution
		{DBAF5ECB-F3FB-48D9-B10F-CEB16FDF49DD}.Debug|Any CPU.ActiveCfg = Debug|Any CPU
		{DBAF5ECB-F3FB-48D9-B10F-CEB16FDF49DD}.Debug|Any CPU.Build.0 = Debug|Any CPU
		{DBAF5ECB-F3FB-48D9-B10F-CEB16FDF49DD}.Release|Any CPU.ActiveCfg = Release|Any CPU
		{DBAF5ECB-F3FB-48D9-B10F-CEB16FDF49DD}.Release|Any CPU.Build.0 = Release|Any CPU
		{B19BE1E1-4517-4B42-869E-991EE4D25603}.Debug|Any CPU.ActiveCfg = Debug|Any CPU
		{B19BE1E1-4517-4B42-869E-991EE4D25603}.Debug|Any CPU.Build.0 = Debug|Any CPU
		{B19BE1E1-4517-4B42-869E-991EE4D25603}.Release|Any CPU.ActiveCfg = Release|Any CPU
		{B19BE1E1-4517-4B42-869E-991EE4D25603}.Release|Any CPU.Build.0 = Release|Any CPU
		{729B9348-C87C-40AD-82B6-BE9BB7DA4AC1}.Debug|Any CPU.ActiveCfg = Debug|Any CPU
		{729B9348-C87C-40AD-82B6-BE9BB7DA4AC1}.Debug|Any CPU.Build.0 = Debug|Any CPU
		{729B9348-C87C-40AD-82B6-BE9BB7DA4AC1}.Release|Any CPU.ActiveCfg = Release|Any CPU
		{729B9348-C87C-40AD-82B6-BE9BB7DA4AC1}.Release|Any CPU.Build.0 = Release|Any CPU
		{8AD9DC40-BAB2-4469-A90F-AD41A2BB65A3}.Debug|Any CPU.ActiveCfg = Debug|Any CPU
		{8AD9DC40-BAB2-4469-A90F-AD41A2BB65A3}.Debug|Any CPU.Build.0 = Debug|Any CPU
		{8AD9DC40-BAB2-4469-A90F-AD41A2BB65A3}.Release|Any CPU.ActiveCfg = Release|Any CPU
		{8AD9DC40-BAB2-4469-A90F-AD41A2BB65A3}.Release|Any CPU.Build.0 = Release|Any CPU
		{1BE5C98E-D8BC-493B-8F3D-F4A762C9B348}.Debug|Any CPU.ActiveCfg = Debug|Any CPU
		{1BE5C98E-D8BC-493B-8F3D-F4A762C9B348}.Debug|Any CPU.Build.0 = Debug|Any CPU
		{1BE5C98E-D8BC-493B-8F3D-F4A762C9B348}.Release|Any CPU.ActiveCfg = Release|Any CPU
		{1BE5C98E-D8BC-493B-8F3D-F4A762C9B348}.Release|Any CPU.Build.0 = Release|Any CPU
		{FE6938B8-3DB2-4622-8DAF-2EC20F26B62F}.Debug|Any CPU.ActiveCfg = Debug|Any CPU
		{FE6938B8-3DB2-4622-8DAF-2EC20F26B62F}.Debug|Any CPU.Build.0 = Debug|Any CPU
		{FE6938B8-3DB2-4622-8DAF-2EC20F26B62F}.Release|Any CPU.ActiveCfg = Release|Any CPU
		{FE6938B8-3DB2-4622-8DAF-2EC20F26B62F}.Release|Any CPU.Build.0 = Release|Any CPU
		{E0F59B0B-1486-4829-BD60-C5B0B6BC6DB3}.Debug|Any CPU.ActiveCfg = Debug|Any CPU
		{E0F59B0B-1486-4829-BD60-C5B0B6BC6DB3}.Debug|Any CPU.Build.0 = Debug|Any CPU
		{E0F59B0B-1486-4829-BD60-C5B0B6BC6DB3}.Release|Any CPU.ActiveCfg = Release|Any CPU
		{E0F59B0B-1486-4829-BD60-C5B0B6BC6DB3}.Release|Any CPU.Build.0 = Release|Any CPU
		{F0DC1058-312C-456C-8625-FD25C31F528B}.Debug|Any CPU.ActiveCfg = Debug|Any CPU
		{F0DC1058-312C-456C-8625-FD25C31F528B}.Debug|Any CPU.Build.0 = Debug|Any CPU
		{F0DC1058-312C-456C-8625-FD25C31F528B}.Release|Any CPU.ActiveCfg = Release|Any CPU
		{F0DC1058-312C-456C-8625-FD25C31F528B}.Release|Any CPU.Build.0 = Release|Any CPU
		{8F3D86A8-F2DE-4313-88D0-D65AD70DD81E}.Debug|Any CPU.ActiveCfg = Debug|Any CPU
		{8F3D86A8-F2DE-4313-88D0-D65AD70DD81E}.Debug|Any CPU.Build.0 = Debug|Any CPU
		{8F3D86A8-F2DE-4313-88D0-D65AD70DD81E}.Release|Any CPU.ActiveCfg = Release|Any CPU
		{8F3D86A8-F2DE-4313-88D0-D65AD70DD81E}.Release|Any CPU.Build.0 = Release|Any CPU
		{162A58B6-E94C-4DCF-B811-81FAA9973D2E}.Debug|Any CPU.ActiveCfg = Debug|Any CPU
		{162A58B6-E94C-4DCF-B811-81FAA9973D2E}.Debug|Any CPU.Build.0 = Debug|Any CPU
		{162A58B6-E94C-4DCF-B811-81FAA9973D2E}.Release|Any CPU.ActiveCfg = Release|Any CPU
		{162A58B6-E94C-4DCF-B811-81FAA9973D2E}.Release|Any CPU.Build.0 = Release|Any CPU
		{9835CB05-95AE-4DC4-AE09-FA09AFC11811}.Debug|Any CPU.ActiveCfg = Debug|Any CPU
		{9835CB05-95AE-4DC4-AE09-FA09AFC11811}.Debug|Any CPU.Build.0 = Debug|Any CPU
		{9835CB05-95AE-4DC4-AE09-FA09AFC11811}.Release|Any CPU.ActiveCfg = Release|Any CPU
		{9835CB05-95AE-4DC4-AE09-FA09AFC11811}.Release|Any CPU.Build.0 = Release|Any CPU
		{42FA31DD-B42A-4F88-BEDE-6BE9BF31BE2D}.Debug|Any CPU.ActiveCfg = Debug|Any CPU
		{42FA31DD-B42A-4F88-BEDE-6BE9BF31BE2D}.Debug|Any CPU.Build.0 = Debug|Any CPU
		{42FA31DD-B42A-4F88-BEDE-6BE9BF31BE2D}.Release|Any CPU.ActiveCfg = Release|Any CPU
		{42FA31DD-B42A-4F88-BEDE-6BE9BF31BE2D}.Release|Any CPU.Build.0 = Release|Any CPU
		{E76AE876-D280-401B-BE02-7500B608E320}.Debug|Any CPU.ActiveCfg = Debug|Any CPU
		{E76AE876-D280-401B-BE02-7500B608E320}.Debug|Any CPU.Build.0 = Debug|Any CPU
		{E76AE876-D280-401B-BE02-7500B608E320}.Release|Any CPU.ActiveCfg = Release|Any CPU
		{E76AE876-D280-401B-BE02-7500B608E320}.Release|Any CPU.Build.0 = Release|Any CPU
		{8002213B-66D6-407E-BCD4-3E4092C24652}.Debug|Any CPU.ActiveCfg = Debug|Any CPU
		{8002213B-66D6-407E-BCD4-3E4092C24652}.Debug|Any CPU.Build.0 = Debug|Any CPU
		{8002213B-66D6-407E-BCD4-3E4092C24652}.Release|Any CPU.ActiveCfg = Release|Any CPU
		{8002213B-66D6-407E-BCD4-3E4092C24652}.Release|Any CPU.Build.0 = Release|Any CPU
		{EA3034E3-564E-46B4-9FA8-B0A10D9DCBCE}.Debug|Any CPU.ActiveCfg = Debug|Any CPU
		{EA3034E3-564E-46B4-9FA8-B0A10D9DCBCE}.Debug|Any CPU.Build.0 = Debug|Any CPU
		{EA3034E3-564E-46B4-9FA8-B0A10D9DCBCE}.Release|Any CPU.ActiveCfg = Release|Any CPU
		{EA3034E3-564E-46B4-9FA8-B0A10D9DCBCE}.Release|Any CPU.Build.0 = Release|Any CPU
		{B1016F33-6565-4A6E-844E-EF966E54F862}.Debug|Any CPU.ActiveCfg = Debug|Any CPU
		{B1016F33-6565-4A6E-844E-EF966E54F862}.Debug|Any CPU.Build.0 = Debug|Any CPU
		{B1016F33-6565-4A6E-844E-EF966E54F862}.Release|Any CPU.ActiveCfg = Release|Any CPU
		{B1016F33-6565-4A6E-844E-EF966E54F862}.Release|Any CPU.Build.0 = Release|Any CPU
		{3EBB0CEC-FE66-4D04-A4DF-20B25A31178B}.Debug|Any CPU.ActiveCfg = Debug|Any CPU
		{3EBB0CEC-FE66-4D04-A4DF-20B25A31178B}.Debug|Any CPU.Build.0 = Debug|Any CPU
		{3EBB0CEC-FE66-4D04-A4DF-20B25A31178B}.Release|Any CPU.ActiveCfg = Release|Any CPU
		{3EBB0CEC-FE66-4D04-A4DF-20B25A31178B}.Release|Any CPU.Build.0 = Release|Any CPU
		{3BF09DA6-FF1F-43BC-B4D5-5FA5360E351F}.Debug|Any CPU.ActiveCfg = Debug|Any CPU
		{3BF09DA6-FF1F-43BC-B4D5-5FA5360E351F}.Debug|Any CPU.Build.0 = Debug|Any CPU
		{3BF09DA6-FF1F-43BC-B4D5-5FA5360E351F}.Release|Any CPU.ActiveCfg = Release|Any CPU
		{3BF09DA6-FF1F-43BC-B4D5-5FA5360E351F}.Release|Any CPU.Build.0 = Release|Any CPU
		{5DB4DA33-AEDD-4F1C-872E-C69AA5D8B2A5}.Debug|Any CPU.ActiveCfg = Debug|Any CPU
		{5DB4DA33-AEDD-4F1C-872E-C69AA5D8B2A5}.Debug|Any CPU.Build.0 = Debug|Any CPU
		{5DB4DA33-AEDD-4F1C-872E-C69AA5D8B2A5}.Release|Any CPU.ActiveCfg = Release|Any CPU
		{5DB4DA33-AEDD-4F1C-872E-C69AA5D8B2A5}.Release|Any CPU.Build.0 = Release|Any CPU
		{3D1CA664-815F-4695-9331-5F5596F6AC9B}.Debug|Any CPU.ActiveCfg = Debug|Any CPU
		{3D1CA664-815F-4695-9331-5F5596F6AC9B}.Debug|Any CPU.Build.0 = Debug|Any CPU
		{3D1CA664-815F-4695-9331-5F5596F6AC9B}.Release|Any CPU.ActiveCfg = Release|Any CPU
		{3D1CA664-815F-4695-9331-5F5596F6AC9B}.Release|Any CPU.Build.0 = Release|Any CPU
		{259C9133-529D-4E5F-9DA1-93D2FEC534A4}.Debug|Any CPU.ActiveCfg = Debug|Any CPU
		{259C9133-529D-4E5F-9DA1-93D2FEC534A4}.Debug|Any CPU.Build.0 = Debug|Any CPU
		{259C9133-529D-4E5F-9DA1-93D2FEC534A4}.Release|Any CPU.ActiveCfg = Release|Any CPU
		{259C9133-529D-4E5F-9DA1-93D2FEC534A4}.Release|Any CPU.Build.0 = Release|Any CPU
		{474E5EDD-E41E-4394-B2E5-F1DF745F75E7}.Debug|Any CPU.ActiveCfg = Debug|Any CPU
		{474E5EDD-E41E-4394-B2E5-F1DF745F75E7}.Debug|Any CPU.Build.0 = Debug|Any CPU
		{474E5EDD-E41E-4394-B2E5-F1DF745F75E7}.Release|Any CPU.ActiveCfg = Release|Any CPU
		{474E5EDD-E41E-4394-B2E5-F1DF745F75E7}.Release|Any CPU.Build.0 = Release|Any CPU
		{596E923B-6E21-4A17-9E83-50B5DE44EBD6}.Debug|Any CPU.ActiveCfg = Debug|Any CPU
		{596E923B-6E21-4A17-9E83-50B5DE44EBD6}.Debug|Any CPU.Build.0 = Debug|Any CPU
		{596E923B-6E21-4A17-9E83-50B5DE44EBD6}.Release|Any CPU.ActiveCfg = Release|Any CPU
		{596E923B-6E21-4A17-9E83-50B5DE44EBD6}.Release|Any CPU.Build.0 = Release|Any CPU
		{AD43B45C-0FA1-46D5-862C-7EF1DDB1E5EF}.Debug|Any CPU.ActiveCfg = Debug|Any CPU
		{AD43B45C-0FA1-46D5-862C-7EF1DDB1E5EF}.Debug|Any CPU.Build.0 = Debug|Any CPU
		{AD43B45C-0FA1-46D5-862C-7EF1DDB1E5EF}.Release|Any CPU.ActiveCfg = Release|Any CPU
		{AD43B45C-0FA1-46D5-862C-7EF1DDB1E5EF}.Release|Any CPU.Build.0 = Release|Any CPU
	EndGlobalSection
	GlobalSection(SolutionProperties) = preSolution
		HideSolutionNode = FALSE
	EndGlobalSection
	GlobalSection(ExtensibilityGlobals) = postSolution
		SolutionGuid = {D45FC75E-226D-4B81-9A47-C819823E50CD}
	EndGlobalSection
EndGlobal
