
Microsoft Visual Studio Solution File, Format Version 12.00
# Visual Studio Version 17
VisualStudioVersion = 17.1.32228.430
MinimumVisualStudioVersion = 10.0.40219.1
Project("{9A19103F-16F7-4668-BE54-9A1E7A4F7556}") = "Carbunql", "Carbunql\Carbunql.csproj", "{DBAF5ECB-F3FB-48D9-B10F-CEB16FDF49DD}"
EndProject
Project("{9A19103F-16F7-4668-BE54-9A1E7A4F7556}") = "Carbunql.Analysis.Test", "..\test\Carbunql.Analysis.Test\Carbunql.Analysis.Test.csproj", "{B19BE1E1-4517-4B42-869E-991EE4D25603}"
EndProject
Project("{9A19103F-16F7-4668-BE54-9A1E7A4F7556}") = "Carbunql.Benchmark", "..\test\Carbunql.Benchmark\Carbunql.Benchmark.csproj", "{729B9348-C87C-40AD-82B6-BE9BB7DA4AC1}"
EndProject
Project("{9A19103F-16F7-4668-BE54-9A1E7A4F7556}") = "CarbunqlWeb", "..\demo\CarbunqlWeb\CarbunqlWeb.csproj", "{8AD9DC40-BAB2-4469-A90F-AD41A2BB65A3}"
EndProject
Project("{9A19103F-16F7-4668-BE54-9A1E7A4F7556}") = "Carbunql.Building.Test", "..\test\Carbunql.Building.Test\Carbunql.Building.Test.csproj", "{1BE5C98E-D8BC-493B-8F3D-F4A762C9B348}"
EndProject
Project("{9A19103F-16F7-4668-BE54-9A1E7A4F7556}") = "Carbunql.Dapper", "Carbunql.Dapper\Carbunql.Dapper.csproj", "{FE6938B8-3DB2-4622-8DAF-2EC20F26B62F}"
EndProject
Project("{9A19103F-16F7-4668-BE54-9A1E7A4F7556}") = "Carbunql.DynamicQuery.Test", "..\test\Carbunql.DynamicQuery.Test\Carbunql.DynamicQuery.Test.csproj", "{E0F59B0B-1486-4829-BD60-C5B0B6BC6DB3}"
EndProject
Project("{9A19103F-16F7-4668-BE54-9A1E7A4F7556}") = "Carbunql.Postgres", "Carbunql.Postgres\Carbunql.Postgres.csproj", "{F0DC1058-312C-456C-8625-FD25C31F528B}"
EndProject
Project("{9A19103F-16F7-4668-BE54-9A1E7A4F7556}") = "Carbunql.Postgres.Test", "..\test\Carbunql.Postgres.Test\Carbunql.Postgres.Test.csproj", "{8F3D86A8-F2DE-4313-88D0-D65AD70DD81E}"
EndProject
Project("{9A19103F-16F7-4668-BE54-9A1E7A4F7556}") = "Carbunql.Dapper.Test", "..\test\Carbunql.Dapper.Test\Carbunql.Dapper.Test.csproj", "{162A58B6-E94C-4DCF-B811-81FAA9973D2E}"
EndProject
Project("{9A19103F-16F7-4668-BE54-9A1E7A4F7556}") = "Demo.Migration", "..\demo\Migration\Demo.Migration.csproj", "{9835CB05-95AE-4DC4-AE09-FA09AFC11811}"
EndProject
Project("{9A19103F-16F7-4668-BE54-9A1E7A4F7556}") = "Demo.Parse", "..\demo\Parse\Demo.Parse.csproj", "{42FA31DD-B42A-4F88-BEDE-6BE9BF31BE2D}"
EndProject
Global
	GlobalSection(SolutionConfigurationPlatforms) = preSolution
		Debug|Any CPU = Debug|Any CPU
		Release|Any CPU = Release|Any CPU
	EndGlobalSection
	GlobalSection(ProjectConfigurationPlatforms) = postSolution
		{DBAF5ECB-F3FB-48D9-B10F-CEB16FDF49DD}.Debug|Any CPU.ActiveCfg = Debug|Any CPU
		{DBAF5ECB-F3FB-48D9-B10F-CEB16FDF49DD}.Debug|Any CPU.Build.0 = Debug|Any CPU
		{DBAF5ECB-F3FB-48D9-B10F-CEB16FDF49DD}.Release|Any CPU.ActiveCfg = Release|Any CPU
		{DBAF5ECB-F3FB-48D9-B10F-CEB16FDF49DD}.Release|Any CPU.Build.0 = Release|Any CPU
		{B19BE1E1-4517-4B42-869E-991EE4D25603}.Debug|Any CPU.ActiveCfg = Debug|Any CPU
		{B19BE1E1-4517-4B42-869E-991EE4D25603}.Debug|Any CPU.Build.0 = Debug|Any CPU
		{B19BE1E1-4517-4B42-869E-991EE4D25603}.Release|Any CPU.ActiveCfg = Release|Any CPU
		{B19BE1E1-4517-4B42-869E-991EE4D25603}.Release|Any CPU.Build.0 = Release|Any CPU
		{729B9348-C87C-40AD-82B6-BE9BB7DA4AC1}.Debug|Any CPU.ActiveCfg = Debug|Any CPU
		{729B9348-C87C-40AD-82B6-BE9BB7DA4AC1}.Debug|Any CPU.Build.0 = Debug|Any CPU
		{729B9348-C87C-40AD-82B6-BE9BB7DA4AC1}.Release|Any CPU.ActiveCfg = Release|Any CPU
		{729B9348-C87C-40AD-82B6-BE9BB7DA4AC1}.Release|Any CPU.Build.0 = Release|Any CPU
		{8AD9DC40-BAB2-4469-A90F-AD41A2BB65A3}.Debug|Any CPU.ActiveCfg = Debug|Any CPU
		{8AD9DC40-BAB2-4469-A90F-AD41A2BB65A3}.Debug|Any CPU.Build.0 = Debug|Any CPU
		{8AD9DC40-BAB2-4469-A90F-AD41A2BB65A3}.Release|Any CPU.ActiveCfg = Release|Any CPU
		{8AD9DC40-BAB2-4469-A90F-AD41A2BB65A3}.Release|Any CPU.Build.0 = Release|Any CPU
		{1BE5C98E-D8BC-493B-8F3D-F4A762C9B348}.Debug|Any CPU.ActiveCfg = Debug|Any CPU
		{1BE5C98E-D8BC-493B-8F3D-F4A762C9B348}.Debug|Any CPU.Build.0 = Debug|Any CPU
		{1BE5C98E-D8BC-493B-8F3D-F4A762C9B348}.Release|Any CPU.ActiveCfg = Release|Any CPU
		{1BE5C98E-D8BC-493B-8F3D-F4A762C9B348}.Release|Any CPU.Build.0 = Release|Any CPU
		{FE6938B8-3DB2-4622-8DAF-2EC20F26B62F}.Debug|Any CPU.ActiveCfg = Debug|Any CPU
		{FE6938B8-3DB2-4622-8DAF-2EC20F26B62F}.Debug|Any CPU.Build.0 = Debug|Any CPU
		{FE6938B8-3DB2-4622-8DAF-2EC20F26B62F}.Release|Any CPU.ActiveCfg = Release|Any CPU
		{FE6938B8-3DB2-4622-8DAF-2EC20F26B62F}.Release|Any CPU.Build.0 = Release|Any CPU
		{E0F59B0B-1486-4829-BD60-C5B0B6BC6DB3}.Debug|Any CPU.ActiveCfg = Debug|Any CPU
		{E0F59B0B-1486-4829-BD60-C5B0B6BC6DB3}.Debug|Any CPU.Build.0 = Debug|Any CPU
		{E0F59B0B-1486-4829-BD60-C5B0B6BC6DB3}.Release|Any CPU.ActiveCfg = Release|Any CPU
		{E0F59B0B-1486-4829-BD60-C5B0B6BC6DB3}.Release|Any CPU.Build.0 = Release|Any CPU
		{F0DC1058-312C-456C-8625-FD25C31F528B}.Debug|Any CPU.ActiveCfg = Debug|Any CPU
		{F0DC1058-312C-456C-8625-FD25C31F528B}.Debug|Any CPU.Build.0 = Debug|Any CPU
		{F0DC1058-312C-456C-8625-FD25C31F528B}.Release|Any CPU.ActiveCfg = Release|Any CPU
		{F0DC1058-312C-456C-8625-FD25C31F528B}.Release|Any CPU.Build.0 = Release|Any CPU
		{8F3D86A8-F2DE-4313-88D0-D65AD70DD81E}.Debug|Any CPU.ActiveCfg = Debug|Any CPU
		{8F3D86A8-F2DE-4313-88D0-D65AD70DD81E}.Debug|Any CPU.Build.0 = Debug|Any CPU
		{8F3D86A8-F2DE-4313-88D0-D65AD70DD81E}.Release|Any CPU.ActiveCfg = Release|Any CPU
		{8F3D86A8-F2DE-4313-88D0-D65AD70DD81E}.Release|Any CPU.Build.0 = Release|Any CPU
		{162A58B6-E94C-4DCF-B811-81FAA9973D2E}.Debug|Any CPU.ActiveCfg = Debug|Any CPU
		{162A58B6-E94C-4DCF-B811-81FAA9973D2E}.Debug|Any CPU.Build.0 = Debug|Any CPU
		{162A58B6-E94C-4DCF-B811-81FAA9973D2E}.Release|Any CPU.ActiveCfg = Release|Any CPU
		{162A58B6-E94C-4DCF-B811-81FAA9973D2E}.Release|Any CPU.Build.0 = Release|Any CPU
		{9835CB05-95AE-4DC4-AE09-FA09AFC11811}.Debug|Any CPU.ActiveCfg = Debug|Any CPU
		{9835CB05-95AE-4DC4-AE09-FA09AFC11811}.Debug|Any CPU.Build.0 = Debug|Any CPU
		{9835CB05-95AE-4DC4-AE09-FA09AFC11811}.Release|Any CPU.ActiveCfg = Release|Any CPU
		{9835CB05-95AE-4DC4-AE09-FA09AFC11811}.Release|Any CPU.Build.0 = Release|Any CPU
		{42FA31DD-B42A-4F88-BEDE-6BE9BF31BE2D}.Debug|Any CPU.ActiveCfg = Debug|Any CPU
		{42FA31DD-B42A-4F88-BEDE-6BE9BF31BE2D}.Debug|Any CPU.Build.0 = Debug|Any CPU
		{42FA31DD-B42A-4F88-BEDE-6BE9BF31BE2D}.Release|Any CPU.ActiveCfg = Release|Any CPU
		{42FA31DD-B42A-4F88-BEDE-6BE9BF31BE2D}.Release|Any CPU.Build.0 = Release|Any CPU
	EndGlobalSection
	GlobalSection(SolutionProperties) = preSolution
		HideSolutionNode = FALSE
	EndGlobalSection
	GlobalSection(ExtensibilityGlobals) = postSolution
		SolutionGuid = {D45FC75E-226D-4B81-9A47-C819823E50CD}
	EndGlobalSection
EndGlobal
